
Microsoft Visual Studio Solution File, Format Version 12.00
# Visual Studio 15
VisualStudioVersion = 15.0.28307.757
MinimumVisualStudioVersion = 10.0.40219.1
Project("{8BC9CEB8-8B4A-11D0-8D11-00A0C91BC942}") = "Server", "Server\Server.vcxproj", "{0AA1F911-4FAD-4F0E-81CE-340587F22B8A}"
	ProjectSection(ProjectDependencies) = postProject
		{9A771730-7640-421A-B26A-5832C2144CE2} = {9A771730-7640-421A-B26A-5832C2144CE2}
	EndProjectSection
EndProject
Project("{8BC9CEB8-8B4A-11D0-8D11-00A0C91BC942}") = "Client", "Client\Client.vcxproj", "{9688482B-4DCC-4320-A15B-083A444B361F}"
	ProjectSection(ProjectDependencies) = postProject
		{9A771730-7640-421A-B26A-5832C2144CE2} = {9A771730-7640-421A-B26A-5832C2144CE2}
	EndProjectSection
EndProject
Project("{8BC9CEB8-8B4A-11D0-8D11-00A0C91BC942}") = "PNet", "PNet\PNet.vcxproj", "{9A771730-7640-421A-B26A-5832C2144CE2}"
EndProject
Global
	GlobalSection(SolutionConfigurationPlatforms) = preSolution
		Debug|x64 = Debug|x64
		Debug|x86 = Debug|x86
		Release|x64 = Release|x64
		Release|x86 = Release|x86
	EndGlobalSection
	GlobalSection(ProjectConfigurationPlatforms) = postSolution
		{0AA1F911-4FAD-4F0E-81CE-340587F22B8A}.Debug|x64.ActiveCfg = Debug|x64
		{0AA1F911-4FAD-4F0E-81CE-340587F22B8A}.Debug|x64.Build.0 = Debug|x64
		{0AA1F911-4FAD-4F0E-81CE-340587F22B8A}.Debug|x86.ActiveCfg = Debug|Win32
		{0AA1F911-4FAD-4F0E-81CE-340587F22B8A}.Debug|x86.Build.0 = Debug|Win32
		{0AA1F911-4FAD-4F0E-81CE-340587F22B8A}.Release|x64.ActiveCfg = Release|x64
		{0AA1F911-4FAD-4F0E-81CE-340587F22B8A}.Release|x64.Build.0 = Release|x64
		{0AA1F911-4FAD-4F0E-81CE-340587F22B8A}.Release|x86.ActiveCfg = Release|Win32
		{0AA1F911-4FAD-4F0E-81CE-340587F22B8A}.Release|x86.Build.0 = Release|Win32
		{9688482B-4DCC-4320-A15B-083A444B361F}.Debug|x64.ActiveCfg = Debug|x64
		{9688482B-4DCC-4320-A15B-083A444B361F}.Debug|x64.Build.0 = Debug|x64
		{9688482B-4DCC-4320-A15B-083A444B361F}.Debug|x86.ActiveCfg = Debug|Win32
		{9688482B-4DCC-4320-A15B-083A444B361F}.Debug|x86.Build.0 = Debug|Win32
		{9688482B-4DCC-4320-A15B-083A444B361F}.Release|x64.ActiveCfg = Release|x64
		{9688482B-4DCC-4320-A15B-083A444B361F}.Release|x64.Build.0 = Release|x64
		{9688482B-4DCC-4320-A15B-083A444B361F}.Release|x86.ActiveCfg = Release|Win32
		{9688482B-4DCC-4320-A15B-083A444B361F}.Release|x86.Build.0 = Release|Win32
		{9A771730-7640-421A-B26A-5832C2144CE2}.Debug|x64.ActiveCfg = Debug|x64
		{9A771730-7640-421A-B26A-5832C2144CE2}.Debug|x64.Build.0 = Debug|x64
		{9A771730-7640-421A-B26A-5832C2144CE2}.Debug|x86.ActiveCfg = Debug|Win32
		{9A771730-7640-421A-B26A-5832C2144CE2}.Debug|x86.Build.0 = Debug|Win32
		{9A771730-7640-421A-B26A-5832C2144CE2}.Release|x64.ActiveCfg = Release|x64
		{9A771730-7640-421A-B26A-5832C2144CE2}.Release|x64.Build.0 = Release|x64
		{9A771730-7640-421A-B26A-5832C2144CE2}.Release|x86.ActiveCfg = Release|Win32
		{9A771730-7640-421A-B26A-5832C2144CE2}.Release|x86.Build.0 = Release|Win32
	EndGlobalSection
	GlobalSection(SolutionProperties) = preSolution
		HideSolutionNode = FALSE
	EndGlobalSection
	GlobalSection(ExtensibilityGlobals) = postSolution
		SolutionGuid = {23076747-ECB2-4902-B4AC-A419C3178E9C}
	EndGlobalSection
EndGlobal
